
Microsoft Visual Studio Solution File, Format Version 12.00
# Visual Studio Version 17
VisualStudioVersion = 17.13.35913.81
MinimumVisualStudioVersion = 10.0.40219.1
Project("{F2A71F9B-5D33-465A-A702-920D77279786}") = "Core", "src\Core\Core.fsproj", "{7FA8DB1C-9632-32FB-4153-481248A99280}"
EndProject
Project("{2150E333-8FDC-42A3-9474-1A3956D46DE8}") = "Solution Items", "Solution Items", "{8EC462FD-D22E-90A8-E5CE-7E832BA40C5D}"
	ProjectSection(SolutionItems) = preProject
		.editorconfig = .editorconfig
		.github\workflows\auto-merge.yml = .github\workflows\auto-merge.yml
		.github\copilot-instructions.md = .github\copilot-instructions.md
		.github\workflows\copilot-setup-steps.yml = .github\workflows\copilot-setup-steps.yml
		Directory.Build.props = Directory.Build.props
		Directory.Packages.props = Directory.Packages.props
		LICENSE = LICENSE
		README.es.md = README.es.md
		README.md = README.md
		XAMLStylerConfiguration.json = XAMLStylerConfiguration.json
	EndProjectSection
EndProject
Project("{FAE04EC0-301F-11D3-BF4B-00C04F79EFBC}") = "Binnaculum", "src\UI\Binnaculum.csproj", "{5AAE10B4-17E6-365A-5BEC-782FDEF13B64}"
EndProject
Project("{F2A71F9B-5D33-465A-A702-920D77279786}") = "Core.Tests", "src\Tests\Core.Tests\Core.Tests.fsproj", "{58150392-2B8C-488D-AB7D-10C4B2D17B8A}"
EndProject
Project("{F2A71F9B-5D33-465A-A702-920D77279786}") = "Core.Platform.Tests", "src\Tests\Core.Platform.Tests\Core.Platform.Tests.fsproj", "{A1B2C3D4-E5F6-7890-ABCD-123456789012}"
EndProject
Project("{FAE04EC0-301F-11D3-BF4B-00C04F79EFBC}") = "UI.Tests", "src\Tests\UI.Tests\UI.Tests.csproj", "{B631082C-DCDB-8E51-2B27-EAAC12A05F0E}"
EndProject
Project("{FAE04EC0-301F-11D3-BF4B-00C04F79EFBC}") = "Core.Platform.MauiTester", "src\Tests\Core.Platform.MauiTester\Core.Platform.MauiTester.csproj", "{A4DF3D1F-AB70-447A-B1CB-77B4C7905F59}"
EndProject
Project("{FAE04EC0-301F-11D3-BF4B-00C04F79EFBC}") = "Binnaculum.MCP", "src\MCP\Binnaculum.MCP\Binnaculum.MCP.csproj", "{09ABB5C8-A92D-FC3A-7903-B7EBAE916269}"
EndProject
Global
	GlobalSection(SolutionConfigurationPlatforms) = preSolution
		Debug|Any CPU = Debug|Any CPU
		Debug|x64 = Debug|x64
		Debug|x86 = Debug|x86
		Release|Any CPU = Release|Any CPU
		Release|x64 = Release|x64
		Release|x86 = Release|x86
	EndGlobalSection
	GlobalSection(ProjectConfigurationPlatforms) = postSolution
		{7FA8DB1C-9632-32FB-4153-481248A99280}.Debug|Any CPU.ActiveCfg = Debug|Any CPU
		{7FA8DB1C-9632-32FB-4153-481248A99280}.Debug|Any CPU.Build.0 = Debug|Any CPU
		{7FA8DB1C-9632-32FB-4153-481248A99280}.Debug|x64.ActiveCfg = Debug|Any CPU
		{7FA8DB1C-9632-32FB-4153-481248A99280}.Debug|x64.Build.0 = Debug|Any CPU
		{7FA8DB1C-9632-32FB-4153-481248A99280}.Debug|x86.ActiveCfg = Debug|Any CPU
		{7FA8DB1C-9632-32FB-4153-481248A99280}.Debug|x86.Build.0 = Debug|Any CPU
		{7FA8DB1C-9632-32FB-4153-481248A99280}.Release|Any CPU.ActiveCfg = Release|Any CPU
		{7FA8DB1C-9632-32FB-4153-481248A99280}.Release|Any CPU.Build.0 = Release|Any CPU
		{7FA8DB1C-9632-32FB-4153-481248A99280}.Release|x64.ActiveCfg = Release|Any CPU
		{7FA8DB1C-9632-32FB-4153-481248A99280}.Release|x64.Build.0 = Release|Any CPU
		{7FA8DB1C-9632-32FB-4153-481248A99280}.Release|x86.ActiveCfg = Release|Any CPU
		{7FA8DB1C-9632-32FB-4153-481248A99280}.Release|x86.Build.0 = Release|Any CPU
		{5AAE10B4-17E6-365A-5BEC-782FDEF13B64}.Debug|Any CPU.ActiveCfg = Debug|Any CPU
		{5AAE10B4-17E6-365A-5BEC-782FDEF13B64}.Debug|Any CPU.Build.0 = Debug|Any CPU
		{5AAE10B4-17E6-365A-5BEC-782FDEF13B64}.Debug|Any CPU.Deploy.0 = Debug|Any CPU
		{5AAE10B4-17E6-365A-5BEC-782FDEF13B64}.Debug|x64.ActiveCfg = Debug|Any CPU
		{5AAE10B4-17E6-365A-5BEC-782FDEF13B64}.Debug|x64.Build.0 = Debug|Any CPU
		{5AAE10B4-17E6-365A-5BEC-782FDEF13B64}.Debug|x86.ActiveCfg = Debug|Any CPU
		{5AAE10B4-17E6-365A-5BEC-782FDEF13B64}.Debug|x86.Build.0 = Debug|Any CPU
		{5AAE10B4-17E6-365A-5BEC-782FDEF13B64}.Release|Any CPU.ActiveCfg = Release|Any CPU
		{5AAE10B4-17E6-365A-5BEC-782FDEF13B64}.Release|Any CPU.Build.0 = Release|Any CPU
		{5AAE10B4-17E6-365A-5BEC-782FDEF13B64}.Release|x64.ActiveCfg = Release|Any CPU
		{5AAE10B4-17E6-365A-5BEC-782FDEF13B64}.Release|x64.Build.0 = Release|Any CPU
		{5AAE10B4-17E6-365A-5BEC-782FDEF13B64}.Release|x86.ActiveCfg = Release|Any CPU
		{5AAE10B4-17E6-365A-5BEC-782FDEF13B64}.Release|x86.Build.0 = Release|Any CPU
		{58150392-2B8C-488D-AB7D-10C4B2D17B8A}.Debug|Any CPU.ActiveCfg = Debug|Any CPU
		{58150392-2B8C-488D-AB7D-10C4B2D17B8A}.Debug|Any CPU.Build.0 = Debug|Any CPU
		{58150392-2B8C-488D-AB7D-10C4B2D17B8A}.Debug|x64.ActiveCfg = Debug|Any CPU
		{58150392-2B8C-488D-AB7D-10C4B2D17B8A}.Debug|x64.Build.0 = Debug|Any CPU
		{58150392-2B8C-488D-AB7D-10C4B2D17B8A}.Debug|x86.ActiveCfg = Debug|Any CPU
		{58150392-2B8C-488D-AB7D-10C4B2D17B8A}.Debug|x86.Build.0 = Debug|Any CPU
		{58150392-2B8C-488D-AB7D-10C4B2D17B8A}.Release|Any CPU.ActiveCfg = Release|Any CPU
		{58150392-2B8C-488D-AB7D-10C4B2D17B8A}.Release|Any CPU.Build.0 = Release|Any CPU
		{58150392-2B8C-488D-AB7D-10C4B2D17B8A}.Release|x64.ActiveCfg = Release|Any CPU
		{58150392-2B8C-488D-AB7D-10C4B2D17B8A}.Release|x64.Build.0 = Release|Any CPU
		{58150392-2B8C-488D-AB7D-10C4B2D17B8A}.Release|x86.ActiveCfg = Release|Any CPU
		{58150392-2B8C-488D-AB7D-10C4B2D17B8A}.Release|x86.Build.0 = Release|Any CPU
		{A1B2C3D4-E5F6-7890-ABCD-123456789012}.Debug|Any CPU.ActiveCfg = Debug|Any CPU
		{A1B2C3D4-E5F6-7890-ABCD-123456789012}.Debug|Any CPU.Build.0 = Debug|Any CPU
		{A1B2C3D4-E5F6-7890-ABCD-123456789012}.Debug|x64.ActiveCfg = Debug|Any CPU
		{A1B2C3D4-E5F6-7890-ABCD-123456789012}.Debug|x64.Build.0 = Debug|Any CPU
		{A1B2C3D4-E5F6-7890-ABCD-123456789012}.Debug|x86.ActiveCfg = Debug|Any CPU
		{A1B2C3D4-E5F6-7890-ABCD-123456789012}.Debug|x86.Build.0 = Debug|Any CPU
		{A1B2C3D4-E5F6-7890-ABCD-123456789012}.Release|Any CPU.ActiveCfg = Release|Any CPU
		{A1B2C3D4-E5F6-7890-ABCD-123456789012}.Release|Any CPU.Build.0 = Release|Any CPU
		{A1B2C3D4-E5F6-7890-ABCD-123456789012}.Release|x64.ActiveCfg = Release|Any CPU
		{A1B2C3D4-E5F6-7890-ABCD-123456789012}.Release|x64.Build.0 = Release|Any CPU
		{A1B2C3D4-E5F6-7890-ABCD-123456789012}.Release|x86.ActiveCfg = Release|Any CPU
		{A1B2C3D4-E5F6-7890-ABCD-123456789012}.Release|x86.Build.0 = Release|Any CPU
		{B631082C-DCDB-8E51-2B27-EAAC12A05F0E}.Debug|Any CPU.ActiveCfg = Debug|Any CPU
		{B631082C-DCDB-8E51-2B27-EAAC12A05F0E}.Debug|Any CPU.Build.0 = Debug|Any CPU
		{B631082C-DCDB-8E51-2B27-EAAC12A05F0E}.Debug|x64.ActiveCfg = Debug|Any CPU
		{B631082C-DCDB-8E51-2B27-EAAC12A05F0E}.Debug|x64.Build.0 = Debug|Any CPU
		{B631082C-DCDB-8E51-2B27-EAAC12A05F0E}.Debug|x86.ActiveCfg = Debug|Any CPU
		{B631082C-DCDB-8E51-2B27-EAAC12A05F0E}.Debug|x86.Build.0 = Debug|Any CPU
		{B631082C-DCDB-8E51-2B27-EAAC12A05F0E}.Release|Any CPU.ActiveCfg = Release|Any CPU
		{B631082C-DCDB-8E51-2B27-EAAC12A05F0E}.Release|Any CPU.Build.0 = Release|Any CPU
		{B631082C-DCDB-8E51-2B27-EAAC12A05F0E}.Release|x64.ActiveCfg = Release|Any CPU
		{B631082C-DCDB-8E51-2B27-EAAC12A05F0E}.Release|x64.Build.0 = Release|Any CPU
		{B631082C-DCDB-8E51-2B27-EAAC12A05F0E}.Release|x86.ActiveCfg = Release|Any CPU
		{B631082C-DCDB-8E51-2B27-EAAC12A05F0E}.Release|x86.Build.0 = Release|Any CPU
		{A4DF3D1F-AB70-447A-B1CB-77B4C7905F59}.Debug|Any CPU.ActiveCfg = Debug|Any CPU
		{A4DF3D1F-AB70-447A-B1CB-77B4C7905F59}.Debug|Any CPU.Build.0 = Debug|Any CPU
		{A4DF3D1F-AB70-447A-B1CB-77B4C7905F59}.Debug|Any CPU.Deploy.0 = Debug|Any CPU
		{A4DF3D1F-AB70-447A-B1CB-77B4C7905F59}.Debug|x64.ActiveCfg = Debug|Any CPU
		{A4DF3D1F-AB70-447A-B1CB-77B4C7905F59}.Debug|x64.Build.0 = Debug|Any CPU
		{A4DF3D1F-AB70-447A-B1CB-77B4C7905F59}.Debug|x86.ActiveCfg = Debug|Any CPU
		{A4DF3D1F-AB70-447A-B1CB-77B4C7905F59}.Debug|x86.Build.0 = Debug|Any CPU
		{A4DF3D1F-AB70-447A-B1CB-77B4C7905F59}.Release|Any CPU.ActiveCfg = Release|Any CPU
		{A4DF3D1F-AB70-447A-B1CB-77B4C7905F59}.Release|Any CPU.Build.0 = Release|Any CPU
		{A4DF3D1F-AB70-447A-B1CB-77B4C7905F59}.Release|x64.ActiveCfg = Release|Any CPU
		{A4DF3D1F-AB70-447A-B1CB-77B4C7905F59}.Release|x64.Build.0 = Release|Any CPU
		{A4DF3D1F-AB70-447A-B1CB-77B4C7905F59}.Release|x86.ActiveCfg = Release|Any CPU
		{A4DF3D1F-AB70-447A-B1CB-77B4C7905F59}.Release|x86.Build.0 = Release|Any CPU
		{09ABB5C8-A92D-FC3A-7903-B7EBAE916269}.Debug|Any CPU.ActiveCfg = Debug|Any CPU
		{09ABB5C8-A92D-FC3A-7903-B7EBAE916269}.Debug|Any CPU.Build.0 = Debug|Any CPU
		{09ABB5C8-A92D-FC3A-7903-B7EBAE916269}.Debug|x64.ActiveCfg = Debug|Any CPU
		{09ABB5C8-A92D-FC3A-7903-B7EBAE916269}.Debug|x64.Build.0 = Debug|Any CPU
		{09ABB5C8-A92D-FC3A-7903-B7EBAE916269}.Debug|x86.ActiveCfg = Debug|Any CPU
		{09ABB5C8-A92D-FC3A-7903-B7EBAE916269}.Debug|x86.Build.0 = Debug|Any CPU
		{09ABB5C8-A92D-FC3A-7903-B7EBAE916269}.Release|Any CPU.ActiveCfg = Release|Any CPU
		{09ABB5C8-A92D-FC3A-7903-B7EBAE916269}.Release|Any CPU.Build.0 = Release|Any CPU
		{09ABB5C8-A92D-FC3A-7903-B7EBAE916269}.Release|x64.ActiveCfg = Release|Any CPU
		{09ABB5C8-A92D-FC3A-7903-B7EBAE916269}.Release|x64.Build.0 = Release|Any CPU
		{09ABB5C8-A92D-FC3A-7903-B7EBAE916269}.Release|x86.ActiveCfg = Release|Any CPU
		{09ABB5C8-A92D-FC3A-7903-B7EBAE916269}.Release|x86.Build.0 = Release|Any CPU
	EndGlobalSection
	GlobalSection(SolutionProperties) = preSolution
		HideSolutionNode = FALSE
	EndGlobalSection
	GlobalSection(ExtensibilityGlobals) = postSolution
		SolutionGuid = {0FB26A01-D27F-4CF4-993F-0CF179C801FE}
	EndGlobalSection
EndGlobal
