
Microsoft Visual Studio Solution File, Format Version 12.00
# Visual Studio Version 17
VisualStudioVersion = 17.13.35913.81
MinimumVisualStudioVersion = 10.0.40219.1
Project("{F2A71F9B-5D33-465A-A702-920D77279786}") = "Core", "src\Core\Core.fsproj", "{7FA8DB1C-9632-32FB-4153-481248A99280}"
EndProject
Project("{2150E333-8FDC-42A3-9474-1A3956D46DE8}") = "Solution Items", "Solution Items", "{8EC462FD-D22E-90A8-E5CE-7E832BA40C5D}"
	ProjectSection(SolutionItems) = preProject
		.editorconfig = .editorconfig
		.github\workflows\auto-merge.yml = .github\workflows\auto-merge.yml
		.github\copilot-instructions.md = .github\copilot-instructions.md
		.github\workflows\copilot-setup-steps.yml = .github\workflows\copilot-setup-steps.yml
		Directory.Build.props = Directory.Build.props
		Directory.Packages.props = Directory.Packages.props
		LICENSE = LICENSE
		README.es.md = README.es.md
		README.md = README.md
		XAMLStylerConfiguration.json = XAMLStylerConfiguration.json
	EndProjectSection
EndProject
Project("{FAE04EC0-301F-11D3-BF4B-00C04F79EFBC}") = "Binnaculum", "src\UI\Binnaculum.csproj", "{5AAE10B4-17E6-365A-5BEC-782FDEF13B64}"
EndProject
Project("{F2A71F9B-5D33-465A-A702-920D77279786}") = "Core.Tests", "src\Tests\Core.Tests\Core.Tests.fsproj", "{58150392-2B8C-488D-AB7D-10C4B2D17B8A}"
EndProject
Project("{FAE04EC0-301F-11D3-BF4B-00C04F79EFBC}") = "UI.DeviceTests", "src\Tests\TestUtils\UI.DeviceTests\UI.DeviceTests.csproj", "{2A8B1D34-5E7C-4F2A-8B9E-1F6D4C8A9E5B}"
EndProject
Project("{FAE04EC0-301F-11D3-BF4B-00C04F79EFBC}") = "UI.DeviceTests.Runners", "src\Tests\TestUtils\UI.DeviceTests.Runners\UI.DeviceTests.Runners.csproj", "{3C9D2E45-6F8D-4A3B-9C0F-2A7E5D9B0C6D}"
EndProject
Project("{FAE04EC0-301F-11D3-BF4B-00C04F79EFBC}") = "UITest.Core", "src\Tests\TestUtils\UITest.Core\UITest.Core.csproj", "{4D0E3F56-7A9E-4B4C-8D1F-3B8F6E9C0A7E}"
EndProject
Project("{FAE04EC0-301F-11D3-BF4B-00C04F79EFBC}") = "UITest.Appium", "src\Tests\TestUtils\UITest.Appium\UITest.Appium.csproj", "{5E1F4G67-8B0F-4C5D-9E2G-4C9G7F0D1B8F}"
EndProject
Project("{FAE04EC0-301F-11D3-BF4B-00C04F79EFBC}") = "UITest.Appium.Tests", "src\Tests\TestUtils\UITest.Appium.Tests\UITest.Appium.Tests.csproj", "{6F2G5H78-9C1G-4D6E-AF3H-5D0H8G1E2C9G}"
EndProject
Global
	GlobalSection(SolutionConfigurationPlatforms) = preSolution
		Debug|Any CPU = Debug|Any CPU
		Debug|x64 = Debug|x64
		Debug|x86 = Debug|x86
		Release|Any CPU = Release|Any CPU
		Release|x64 = Release|x64
		Release|x86 = Release|x86
	EndGlobalSection
	GlobalSection(ProjectConfigurationPlatforms) = postSolution
		{7FA8DB1C-9632-32FB-4153-481248A99280}.Debug|Any CPU.ActiveCfg = Debug|Any CPU
		{7FA8DB1C-9632-32FB-4153-481248A99280}.Debug|Any CPU.Build.0 = Debug|Any CPU
		{7FA8DB1C-9632-32FB-4153-481248A99280}.Debug|x64.ActiveCfg = Debug|Any CPU
		{7FA8DB1C-9632-32FB-4153-481248A99280}.Debug|x64.Build.0 = Debug|Any CPU
		{7FA8DB1C-9632-32FB-4153-481248A99280}.Debug|x86.ActiveCfg = Debug|Any CPU
		{7FA8DB1C-9632-32FB-4153-481248A99280}.Debug|x86.Build.0 = Debug|Any CPU
		{7FA8DB1C-9632-32FB-4153-481248A99280}.Release|Any CPU.ActiveCfg = Release|Any CPU
		{7FA8DB1C-9632-32FB-4153-481248A99280}.Release|Any CPU.Build.0 = Release|Any CPU
		{7FA8DB1C-9632-32FB-4153-481248A99280}.Release|x64.ActiveCfg = Release|Any CPU
		{7FA8DB1C-9632-32FB-4153-481248A99280}.Release|x64.Build.0 = Release|Any CPU
		{7FA8DB1C-9632-32FB-4153-481248A99280}.Release|x86.ActiveCfg = Release|Any CPU
		{7FA8DB1C-9632-32FB-4153-481248A99280}.Release|x86.Build.0 = Release|Any CPU
		{5AAE10B4-17E6-365A-5BEC-782FDEF13B64}.Debug|Any CPU.ActiveCfg = Debug|Any CPU
		{5AAE10B4-17E6-365A-5BEC-782FDEF13B64}.Debug|Any CPU.Build.0 = Debug|Any CPU
		{5AAE10B4-17E6-365A-5BEC-782FDEF13B64}.Debug|Any CPU.Deploy.0 = Debug|Any CPU
		{5AAE10B4-17E6-365A-5BEC-782FDEF13B64}.Debug|x64.ActiveCfg = Debug|Any CPU
		{5AAE10B4-17E6-365A-5BEC-782FDEF13B64}.Debug|x64.Build.0 = Debug|Any CPU
		{5AAE10B4-17E6-365A-5BEC-782FDEF13B64}.Debug|x86.ActiveCfg = Debug|Any CPU
		{5AAE10B4-17E6-365A-5BEC-782FDEF13B64}.Debug|x86.Build.0 = Debug|Any CPU
		{5AAE10B4-17E6-365A-5BEC-782FDEF13B64}.Release|Any CPU.ActiveCfg = Release|Any CPU
		{5AAE10B4-17E6-365A-5BEC-782FDEF13B64}.Release|Any CPU.Build.0 = Release|Any CPU
		{5AAE10B4-17E6-365A-5BEC-782FDEF13B64}.Release|x64.ActiveCfg = Release|Any CPU
		{5AAE10B4-17E6-365A-5BEC-782FDEF13B64}.Release|x64.Build.0 = Release|Any CPU
		{5AAE10B4-17E6-365A-5BEC-782FDEF13B64}.Release|x86.ActiveCfg = Release|Any CPU
		{5AAE10B4-17E6-365A-5BEC-782FDEF13B64}.Release|x86.Build.0 = Release|Any CPU
		{58150392-2B8C-488D-AB7D-10C4B2D17B8A}.Debug|Any CPU.ActiveCfg = Debug|Any CPU
		{58150392-2B8C-488D-AB7D-10C4B2D17B8A}.Debug|Any CPU.Build.0 = Debug|Any CPU
		{58150392-2B8C-488D-AB7D-10C4B2D17B8A}.Debug|x64.ActiveCfg = Debug|Any CPU
		{58150392-2B8C-488D-AB7D-10C4B2D17B8A}.Debug|x64.Build.0 = Debug|Any CPU
		{58150392-2B8C-488D-AB7D-10C4B2D17B8A}.Debug|x86.ActiveCfg = Debug|Any CPU
		{58150392-2B8C-488D-AB7D-10C4B2D17B8A}.Debug|x86.Build.0 = Debug|Any CPU
		{58150392-2B8C-488D-AB7D-10C4B2D17B8A}.Release|Any CPU.ActiveCfg = Release|Any CPU
		{58150392-2B8C-488D-AB7D-10C4B2D17B8A}.Release|Any CPU.Build.0 = Release|Any CPU
		{58150392-2B8C-488D-AB7D-10C4B2D17B8A}.Release|x64.ActiveCfg = Release|Any CPU
		{58150392-2B8C-488D-AB7D-10C4B2D17B8A}.Release|x64.Build.0 = Release|Any CPU
		{58150392-2B8C-488D-AB7D-10C4B2D17B8A}.Release|x86.ActiveCfg = Release|Any CPU
		{58150392-2B8C-488D-AB7D-10C4B2D17B8A}.Release|x86.Build.0 = Release|Any CPU
		{2A8B1D34-5E7C-4F2A-8B9E-1F6D4C8A9E5B}.Debug|Any CPU.ActiveCfg = Debug|Any CPU
		{2A8B1D34-5E7C-4F2A-8B9E-1F6D4C8A9E5B}.Debug|Any CPU.Build.0 = Debug|Any CPU
		{2A8B1D34-5E7C-4F2A-8B9E-1F6D4C8A9E5B}.Debug|x64.ActiveCfg = Debug|Any CPU
		{2A8B1D34-5E7C-4F2A-8B9E-1F6D4C8A9E5B}.Debug|x64.Build.0 = Debug|Any CPU
		{2A8B1D34-5E7C-4F2A-8B9E-1F6D4C8A9E5B}.Debug|x86.ActiveCfg = Debug|Any CPU
		{2A8B1D34-5E7C-4F2A-8B9E-1F6D4C8A9E5B}.Debug|x86.Build.0 = Debug|Any CPU
		{2A8B1D34-5E7C-4F2A-8B9E-1F6D4C8A9E5B}.Release|Any CPU.ActiveCfg = Release|Any CPU
		{2A8B1D34-5E7C-4F2A-8B9E-1F6D4C8A9E5B}.Release|Any CPU.Build.0 = Release|Any CPU
		{2A8B1D34-5E7C-4F2A-8B9E-1F6D4C8A9E5B}.Release|x64.ActiveCfg = Release|Any CPU
		{2A8B1D34-5E7C-4F2A-8B9E-1F6D4C8A9E5B}.Release|x64.Build.0 = Release|Any CPU
		{2A8B1D34-5E7C-4F2A-8B9E-1F6D4C8A9E5B}.Release|x86.ActiveCfg = Release|Any CPU
		{2A8B1D34-5E7C-4F2A-8B9E-1F6D4C8A9E5B}.Release|x86.Build.0 = Release|Any CPU
		{3C9D2E45-6F8D-4A3B-9C0F-2A7E5D9B0C6D}.Debug|Any CPU.ActiveCfg = Debug|Any CPU
		{3C9D2E45-6F8D-4A3B-9C0F-2A7E5D9B0C6D}.Debug|Any CPU.Build.0 = Debug|Any CPU
		{3C9D2E45-6F8D-4A3B-9C0F-2A7E5D9B0C6D}.Debug|x64.ActiveCfg = Debug|Any CPU
		{3C9D2E45-6F8D-4A3B-9C0F-2A7E5D9B0C6D}.Debug|x64.Build.0 = Debug|Any CPU
		{3C9D2E45-6F8D-4A3B-9C0F-2A7E5D9B0C6D}.Debug|x86.ActiveCfg = Debug|Any CPU
		{3C9D2E45-6F8D-4A3B-9C0F-2A7E5D9B0C6D}.Debug|x86.Build.0 = Debug|Any CPU
		{3C9D2E45-6F8D-4A3B-9C0F-2A7E5D9B0C6D}.Release|Any CPU.ActiveCfg = Release|Any CPU
		{3C9D2E45-6F8D-4A3B-9C0F-2A7E5D9B0C6D}.Release|Any CPU.Build.0 = Release|Any CPU
		{3C9D2E45-6F8D-4A3B-9C0F-2A7E5D9B0C6D}.Release|x64.ActiveCfg = Release|Any CPU
		{3C9D2E45-6F8D-4A3B-9C0F-2A7E5D9B0C6D}.Release|x64.Build.0 = Release|Any CPU
		{3C9D2E45-6F8D-4A3B-9C0F-2A7E5D9B0C6D}.Release|x86.ActiveCfg = Release|Any CPU
		{3C9D2E45-6F8D-4A3B-9C0F-2A7E5D9B0C6D}.Release|x86.Build.0 = Release|Any CPU
		{4D0E3F56-7A9E-4B4C-8D1F-3B8F6E9C0A7E}.Debug|Any CPU.ActiveCfg = Debug|Any CPU
		{4D0E3F56-7A9E-4B4C-8D1F-3B8F6E9C0A7E}.Debug|Any CPU.Build.0 = Debug|Any CPU
		{4D0E3F56-7A9E-4B4C-8D1F-3B8F6E9C0A7E}.Debug|x64.ActiveCfg = Debug|Any CPU
		{4D0E3F56-7A9E-4B4C-8D1F-3B8F6E9C0A7E}.Debug|x64.Build.0 = Debug|Any CPU
		{4D0E3F56-7A9E-4B4C-8D1F-3B8F6E9C0A7E}.Debug|x86.ActiveCfg = Debug|Any CPU
		{4D0E3F56-7A9E-4B4C-8D1F-3B8F6E9C0A7E}.Debug|x86.Build.0 = Debug|Any CPU
		{4D0E3F56-7A9E-4B4C-8D1F-3B8F6E9C0A7E}.Release|Any CPU.ActiveCfg = Release|Any CPU
		{4D0E3F56-7A9E-4B4C-8D1F-3B8F6E9C0A7E}.Release|Any CPU.Build.0 = Release|Any CPU
		{4D0E3F56-7A9E-4B4C-8D1F-3B8F6E9C0A7E}.Release|x64.ActiveCfg = Release|Any CPU
		{4D0E3F56-7A9E-4B4C-8D1F-3B8F6E9C0A-A7E}.Release|x64.Build.0 = Release|Any CPU
		{4D0E3F56-7A9E-4B4C-8D1F-3B8F6E9C0A7E}.Release|x86.ActiveCfg = Release|Any CPU
		{4D0E3F56-7A9E-4B4C-8D1F-3B8F6E9C0A7E}.Release|x86.Build.0 = Release|Any CPU
		{5E1F4G67-8B0F-4C5D-9E2G-4C9G7F0D1B8F}.Debug|Any CPU.ActiveCfg = Debug|Any CPU
		{5E1F4G67-8B0F-4C5D-9E2G-4C9G7F0D1B8F}.Debug|Any CPU.Build.0 = Debug|Any CPU
		{5E1F4G67-8B0F-4C5D-9E2G-4C9G7F0D1B8F}.Debug|x64.ActiveCfg = Debug|Any CPU
		{5E1F4G67-8B0F-4C5D-9E2G-4C9G7F0D1B8F}.Debug|x64.Build.0 = Debug|Any CPU
		{5E1F4G67-8B0F-4C5D-9E2G-4C9G7F0D1B8F}.Debug|x86.ActiveCfg = Debug|Any CPU
		{5E1F4G67-8B0F-4C5D-9E2G-4C9G7F0D1B8F}.Debug|x86.Build.0 = Debug|Any CPU
		{5E1F4G67-8B0F-4C5D-9E2G-4C9G7F0D1B8F}.Release|Any CPU.ActiveCfg = Release|Any CPU
		{5E1F4G67-8B0F-4C5D-9E2G-4C9G7F0D1B8F}.Release|Any CPU.Build.0 = Release|Any CPU
		{5E1F4G67-8B0F-4C5D-9E2G-4C9G7F0D1B8F}.Release|x64.ActiveCfg = Release|Any CPU
		{5E1F4G67-8B0F-4C5D-9E2G-4C9G7F0D1B8F}.Release|x64.Build.0 = Release|Any CPU
		{5E1F4G67-8B0F-4C5D-9E2G-4C9G7F0D1B8F}.Release|x86.ActiveCfg = Release|Any CPU
		{5E1F4G67-8B0F-4C5D-9E2G-4C9G7F0D1B8F}.Release|x86.Build.0 = Release|Any CPU
		{6F2G5H78-9C1G-4D6E-AF3H-5D0H8G1E2C9G}.Debug|Any CPU.ActiveCfg = Debug|Any CPU
		{6F2G5H78-9C1G-4D6E-AF3H-5D0H8G1E2C9G}.Debug|Any CPU.Build.0 = Debug|Any CPU
		{6F2G5H78-9C1G-4D6E-AF3H-5D0H8G1E2C9G}.Debug|x64.ActiveCfg = Debug|Any CPU
		{6F2G5H78-9C1G-4D6E-AF3H-5D0H8G1E2C9G}.Debug|x64.Build.0 = Debug|Any CPU
		{6F2G5H78-9C1G-4D6E-AF3H-5D0H8G1E2C9G}.Debug|x86.ActiveCfg = Debug|Any CPU
		{6F2G5H78-9C1G-4D6E-AF3H-5D0H8G1E2C9G}.Debug|x86.Build.0 = Debug|Any CPU
		{6F2G5H78-9C1G-4D6E-AF3H-5D0H8G1E2C9G}.Release|Any CPU.ActiveCfg = Release|Any CPU
		{6F2G5H78-9C1G-4D6E-AF3H-5D0H8G1E2C9G}.Release|Any CPU.Build.0 = Release|Any CPU
		{6F2G5H78-9C1G-4D6E-AF3H-5D0H8G1E2C9G}.Release|x64.ActiveCfg = Release|Any CPU
		{6F2G5H78-9C1G-4D6E-AF3H-5D0H8G1E2C9G}.Release|x64.Build.0 = Release|Any CPU
		{6F2G5H78-9C1G-4D6E-AF3H-5D0H8G1E2C9G}.Release|x86.ActiveCfg = Release|Any CPU
		{6F2G5H78-9C1G-4D6E-AF3H-5D0H8G1E2C9G}.Release|x86.Build.0 = Release|Any CPU
	EndGlobalSection
	GlobalSection(SolutionProperties) = preSolution
		HideSolutionNode = FALSE
	EndGlobalSection
	GlobalSection(ExtensibilityGlobals) = postSolution
		SolutionGuid = {0FB26A01-D27F-4CF4-993F-0CF179C801FE}
	EndGlobalSection
EndGlobal
